{"format_version":"1.2","terraform_version":"1.11.3","planned_values":{"root_module":{"resources":[{"address":"google_secure_source_manager_branch_rule.c","mode":"managed","type":"google_secure_source_manager_branch_rule","name":"c","provider_name":"registry.terraform.io/hashicorp/google","schema_version":0,"values":{"allow_stale_reviews":null,"branch_rule_id":"my-comment-rule-c","disabled":null,"include_pattern":"*","location":"australia-southeast2-a","minimum_approvals_count":null,"minimum_reviews_count":null,"project":"policy-depolyment","repository_id":"my-repository-c","require_comments_resolved":true,"require_linear_history":null,"require_pull_request":null,"timeouts":null},"sensitive_values":{}},{"address":"google_secure_source_manager_branch_rule.nc","mode":"managed","type":"google_secure_source_manager_branch_rule","name":"nc","provider_name":"registry.terraform.io/hashicorp/google","schema_version":0,"values":{"allow_stale_reviews":null,"branch_rule_id":"my-comments-rule-nc","disabled":null,"include_pattern":"*","location":"australia-southeast2-a","minimum_approvals_count":null,"minimum_reviews_count":null,"project":"policy-depolyment","repository_id":"my-repository-nc","require_comments_resolved":null,"require_linear_history":null,"require_pull_request":null,"timeouts":null},"sensitive_values":{}}]}},"resource_changes":[{"address":"google_secure_source_manager_branch_rule.c","mode":"managed","type":"google_secure_source_manager_branch_rule","name":"c","provider_name":"registry.terraform.io/hashicorp/google","change":{"actions":["create"],"before":null,"after":{"allow_stale_reviews":null,"branch_rule_id":"my-comment-rule-c","disabled":null,"include_pattern":"*","location":"australia-southeast2-a","minimum_approvals_count":null,"minimum_reviews_count":null,"project":"policy-depolyment","repository_id":"my-repository-c","require_comments_resolved":true,"require_linear_history":null,"require_pull_request":null,"timeouts":null},"after_unknown":{"create_time":true,"id":true,"name":true,"uid":true,"update_time":true},"before_sensitive":false,"after_sensitive":{}}},{"address":"google_secure_source_manager_branch_rule.nc","mode":"managed","type":"google_secure_source_manager_branch_rule","name":"nc","provider_name":"registry.terraform.io/hashicorp/google","change":{"actions":["create"],"before":null,"after":{"allow_stale_reviews":null,"branch_rule_id":"my-comments-rule-nc","disabled":null,"include_pattern":"*","location":"australia-southeast2-a","minimum_approvals_count":null,"minimum_reviews_count":null,"project":"policy-depolyment","repository_id":"my-repository-nc","require_comments_resolved":null,"require_linear_history":null,"require_pull_request":null,"timeouts":null},"after_unknown":{"create_time":true,"id":true,"name":true,"uid":true,"update_time":true},"before_sensitive":false,"after_sensitive":{}}}],"configuration":{"provider_config":{"google":{"name":"google","full_name":"registry.terraform.io/hashicorp/google","version_constraint":"6.8.0"}},"root_module":{"resources":[{"address":"google_secure_source_manager_branch_rule.c","mode":"managed","type":"google_secure_source_manager_branch_rule","name":"c","provider_config_key":"google","expressions":{"branch_rule_id":{"constant_value":"my-comment-rule-c"},"include_pattern":{"constant_value":"*"},"location":{"constant_value":"australia-southeast2-a"},"project":{"constant_value":"policy-depolyment"},"repository_id":{"constant_value":"my-repository-c"},"require_comments_resolved":{"constant_value":true}},"schema_version":0},{"address":"google_secure_source_manager_branch_rule.nc","mode":"managed","type":"google_secure_source_manager_branch_rule","name":"nc","provider_config_key":"google","expressions":{"branch_rule_id":{"constant_value":"my-comments-rule-nc"},"include_pattern":{"constant_value":"*"},"location":{"constant_value":"australia-southeast2-a"},"project":{"constant_value":"policy-depolyment"},"repository_id":{"constant_value":"my-repository-nc"}},"schema_version":0}]}},"timestamp":"2025-05-09T10:16:35Z","applyable":true,"complete":true,"errored":false}
