{
    "format_version": "1.2",
    "terraform_version": "1.11.3",
    "variables": {
        "ca_pool_name": {
            "value": "my-ca-pool"
        },
        "project_id": {
            "value": "policy-depolyment"
        },
        "region": {
            "value": "australia-southeast2"
        },
        "zone": {
            "value": "australia-southeast2-a"
        }
    },
    "planned_values": {
        "root_module": {
            "resources": [
                {
                    "address": "google_secure_source_manager_instance.c",
                    "mode": "managed",
                    "type": "google_secure_source_manager_instance",
                    "name": "c",
                    "provider_name": "registry.terraform.io/hashicorp/google",
                    "schema_version": 0,
                    "values": {
                        "effective_labels": {
                            "goog-terraform-provisioned": "true"
                        },
                        "instance_id": "testgcp-ca-pool-c",
                        "kms_key": null,
                        "labels": null,
                        "location": "australia-southeast2-a",
                        "private_config": [
                            {
                                "ca_pool": "projects/policy-depolyment/locations/australia-southeast2/caPools/my-ca-pool",
                                "is_private": true
                            }
                        ],
                        "project": "policy-depolyment",
                        "terraform_labels": {
                            "goog-terraform-provisioned": "true"
                        },
                        "timeouts": null
                    },
                    "sensitive_values": {
                        "effective_labels": {},
                        "host_config": [],
                        "private_config": [
                            {}
                        ],
                        "terraform_labels": {}
                    }
                },
                {
                    "address": "google_secure_source_manager_instance.nc",
                    "mode": "managed",
                    "type": "google_secure_source_manager_instance",
                    "name": "nc",
                    "provider_name": "registry.terraform.io/hashicorp/google",
                    "schema_version": 0,
                    "values": {
                        "effective_labels": {
                            "goog-terraform-provisioned": "true"
                        },
                        "instance_id": "testgcp-ca-pool-nc",
                        "kms_key": null,
                        "labels": null,
                        "location": "australia-southeast2-a",
                        "private_config": [
                            {
                                "ca_pool": "",
                                "is_private": true
                            }
                        ],
                        "project": "policy-depolyment",
                        "terraform_labels": {
                            "goog-terraform-provisioned": "true"
                        },
                        "timeouts": null
                    },
                    "sensitive_values": {
                        "effective_labels": {},
                        "host_config": [],
                        "private_config": [
                            {}
                        ],
                        "terraform_labels": {}
                    }
                }
            ]
        }
    },
    "resource_changes": [
        {
            "address": "google_secure_source_manager_instance.c",
            "mode": "managed",
            "type": "google_secure_source_manager_instance",
            "name": "c",
            "provider_name": "registry.terraform.io/hashicorp/google",
            "change": {
                "actions": [
                    "create"
                ],
                "before": null,
                "after": {
                    "effective_labels": {
                        "goog-terraform-provisioned": "true"
                    },
                    "instance_id": "testgcp-ca-pool-c",
                    "kms_key": null,
                    "labels": null,
                    "location": "australia-southeast2-a",
                    "private_config": [
                        {
                            "ca_pool": "projects/policy-depolyment/locations/australia-southeast2/caPools/my-ca-pool",
                            "is_private": true
                        }
                    ],
                    "project": "policy-depolyment",
                    "terraform_labels": {
                        "goog-terraform-provisioned": "true"
                    },
                    "timeouts": null
                },
                "after_unknown": {
                    "create_time": true,
                    "effective_labels": {},
                    "host_config": true,
                    "id": true,
                    "name": true,
                    "private_config": [
                        {
                            "http_service_attachment": true,
                            "ssh_service_attachment": true
                        }
                    ],
                    "state": true,
                    "state_note": true,
                    "terraform_labels": {},
                    "update_time": true
                },
                "before_sensitive": false,
                "after_sensitive": {
                    "effective_labels": {},
                    "host_config": [],
                    "private_config": [
                        {}
                    ],
                    "terraform_labels": {}
                }
            }
        },
        {
            "address": "google_secure_source_manager_instance.nc",
            "mode": "managed",
            "type": "google_secure_source_manager_instance",
            "name": "nc",
            "provider_name": "registry.terraform.io/hashicorp/google",
            "change": {
                "actions": [
                    "create"
                ],
                "before": null,
                "after": {
                    "effective_labels": {
                        "goog-terraform-provisioned": "true"
                    },
                    "instance_id": "testgcp-ca-pool-nc",
                    "kms_key": null,
                    "labels": null,
                    "location": "australia-southeast2-a",
                    "private_config": [
                        {
                            "ca_pool": "",
                            "is_private": true
                        }
                    ],
                    "project": "policy-depolyment",
                    "terraform_labels": {
                        "goog-terraform-provisioned": "true"
                    },
                    "timeouts": null
                },
                "after_unknown": {
                    "create_time": true,
                    "effective_labels": {},
                    "host_config": true,
                    "id": true,
                    "name": true,
                    "private_config": [
                        {
                            "http_service_attachment": true,
                            "ssh_service_attachment": true
                        }
                    ],
                    "state": true,
                    "state_note": true,
                    "terraform_labels": {},
                    "update_time": true
                },
                "before_sensitive": false,
                "after_sensitive": {
                    "effective_labels": {},
                    "host_config": [],
                    "private_config": [
                        {}
                    ],
                    "terraform_labels": {}
                }
            }
        }
    ],
    "configuration": {
        "provider_config": {
            "google": {
                "name": "google",
                "full_name": "registry.terraform.io/hashicorp/google",
                "version_constraint": "6.8.0"
            }
        },
        "root_module": {
            "resources": [
                {
                    "address": "google_secure_source_manager_instance.c",
                    "mode": "managed",
                    "type": "google_secure_source_manager_instance",
                    "name": "c",
                    "provider_config_key": "google",
                    "expressions": {
                        "instance_id": {
                            "constant_value": "testgcp-ca-pool-c"
                        },
                        "location": {
                            "references": [
                                "var.zone"
                            ]
                        },
                        "private_config": [
                            {
                                "ca_pool": {
                                    "references": [
                                        "var.project_id",
                                        "var.region",
                                        "var.ca_pool_name"
                                    ]
                                },
                                "is_private": {
                                    "constant_value": true
                                }
                            }
                        ],
                        "project": {
                            "references": [
                                "var.project_id"
                            ]
                        }
                    },
                    "schema_version": 0
                },
                {
                    "address": "google_secure_source_manager_instance.nc",
                    "mode": "managed",
                    "type": "google_secure_source_manager_instance",
                    "name": "nc",
                    "provider_config_key": "google",
                    "expressions": {
                        "instance_id": {
                            "constant_value": "testgcp-ca-pool-nc"
                        },
                        "location": {
                            "references": [
                                "var.zone"
                            ]
                        },
                        "private_config": [
                            {
                                "ca_pool": {
                                    "constant_value": ""
                                },
                                "is_private": {
                                    "constant_value": true
                                }
                            }
                        ],
                        "project": {
                            "references": [
                                "var.project_id"
                            ]
                        }
                    },
                    "schema_version": 0
                }
            ],
            "variables": {
                "ca_pool_name": {
                    "default": "my-ca-pool"
                },
                "project_id": {
                    "default": "policy-depolyment"
                },
                "region": {
                    "default": "australia-southeast2"
                },
                "zone": {
                    "default": "australia-southeast2-a"
                }
            }
        }
    },
    "timestamp": "2025-04-18T09:06:45Z",
    "applyable": true,
    "complete": true,
    "errored": false
}