{
    "format_version": "1.2",
    "terraform_version": "1.11.3",
    "variables": {
        "iam_role": {
            "value": "roles/secure_source_manager.instanceAccessor"
        },
        "project_id": {
            "value": "policy-deployment"
        },
        "region": {
            "value": "australia-southeast2"
        },
        "zone": {
            "value": "australia-southeast2-a"
        }
    },
    "planned_values": {
        "root_module": {
            "resources": [
                {
                    "address": "google_secure_source_manager_instance_iam_binding.c",
                    "mode": "managed",
                    "type": "google_secure_source_manager_instance_iam_binding",
                    "name": "c",
                    "provider_name": "registry.terraform.io/hashicorp/google",
                    "schema_version": 0,
                    "values": {
                        "condition": [],
                        "instance_id": "testgcp-secure-source-manager-iam-binding-view-c",
                        "location": "australia-southeast2",
                        "members": [
                            "domain:deakin.edu.au"
                        ],
                        "project": "policy-deployment",
                        "role": "roles/secure_source_manager.instanceAccessor"
                    },
                    "sensitive_values": {
                        "condition": [],
                        "members": [
                            false
                        ]
                    }
                },
                {
                    "address": "google_secure_source_manager_instance_iam_binding.nc",
                    "mode": "managed",
                    "type": "google_secure_source_manager_instance_iam_binding",
                    "name": "nc",
                    "provider_name": "registry.terraform.io/hashicorp/google",
                    "schema_version": 0,
                    "values": {
                        "condition": [],
                        "instance_id": "testgcp-secure-source-manager-iam-binding-view-nc",
                        "location": "australia-southeast2",
                        "members": [
                            "domain:google.com"
                        ],
                        "project": "policy-deployment",
                        "role": "roles/secure_source_manager.instanceOwner"
                    },
                    "sensitive_values": {
                        "condition": [],
                        "members": [
                            false
                        ]
                    }
                }
            ]
        }
    },
    "resource_changes": [
        {
            "address": "google_secure_source_manager_instance_iam_binding.c",
            "mode": "managed",
            "type": "google_secure_source_manager_instance_iam_binding",
            "name": "c",
            "provider_name": "registry.terraform.io/hashicorp/google",
            "change": {
                "actions": [
                    "create"
                ],
                "before": null,
                "after": {
                    "condition": [],
                    "instance_id": "testgcp-secure-source-manager-iam-binding-view-c",
                    "location": "australia-southeast2",
                    "members": [
                        "domain:deakin.edu.au"
                    ],
                    "project": "policy-deployment",
                    "role": "roles/secure_source_manager.instanceAccessor"
                },
                "after_unknown": {
                    "condition": [],
                    "etag": true,
                    "id": true,
                    "members": [
                        false
                    ]
                },
                "before_sensitive": false,
                "after_sensitive": {
                    "condition": [],
                    "members": [
                        false
                    ]
                }
            }
        },
        {
            "address": "google_secure_source_manager_instance_iam_binding.nc",
            "mode": "managed",
            "type": "google_secure_source_manager_instance_iam_binding",
            "name": "nc",
            "provider_name": "registry.terraform.io/hashicorp/google",
            "change": {
                "actions": [
                    "create"
                ],
                "before": null,
                "after": {
                    "condition": [],
                    "instance_id": "testgcp-secure-source-manager-iam-binding-view-nc",
                    "location": "australia-southeast2",
                    "members": [
                        "domain:google.com"
                    ],
                    "project": "policy-deployment",
                    "role": "roles/secure_source_manager.instanceOwner"
                },
                "after_unknown": {
                    "condition": [],
                    "etag": true,
                    "id": true,
                    "members": [
                        false
                    ]
                },
                "before_sensitive": false,
                "after_sensitive": {
                    "condition": [],
                    "members": [
                        false
                    ]
                }
            }
        }
    ],
    "configuration": {
        "provider_config": {
            "google": {
                "name": "google",
                "full_name": "registry.terraform.io/hashicorp/google",
                "version_constraint": "6.8.0"
            }
        },
        "root_module": {
            "resources": [
                {
                    "address": "google_secure_source_manager_instance_iam_binding.c",
                    "mode": "managed",
                    "type": "google_secure_source_manager_instance_iam_binding",
                    "name": "c",
                    "provider_config_key": "google",
                    "expressions": {
                        "instance_id": {
                            "constant_value": "testgcp-secure-source-manager-iam-binding-view-c"
                        },
                        "location": {
                            "references": [
                                "var.region"
                            ]
                        },
                        "members": {
                            "constant_value": [
                                "domain:deakin.edu.au"
                            ]
                        },
                        "project": {
                            "references": [
                                "var.project_id"
                            ]
                        },
                        "role": {
                            "references": [
                                "var.iam_role"
                            ]
                        }
                    },
                    "schema_version": 0
                },
                {
                    "address": "google_secure_source_manager_instance_iam_binding.nc",
                    "mode": "managed",
                    "type": "google_secure_source_manager_instance_iam_binding",
                    "name": "nc",
                    "provider_config_key": "google",
                    "expressions": {
                        "instance_id": {
                            "constant_value": "testgcp-secure-source-manager-iam-binding-view-nc"
                        },
                        "location": {
                            "references": [
                                "var.region"
                            ]
                        },
                        "members": {
                            "constant_value": [
                                "domain:google.com"
                            ]
                        },
                        "project": {
                            "references": [
                                "var.project_id"
                            ]
                        },
                        "role": {
                            "constant_value": "roles/secure_source_manager.instanceOwner"
                        }
                    },
                    "schema_version": 0
                }
            ],
            "variables": {
                "iam_role": {
                    "default": "roles/secure_source_manager.instanceAccessor"
                },
                "project_id": {
                    "default": "policy-deployment"
                },
                "region": {
                    "default": "australia-southeast2"
                },
                "zone": {
                    "default": "australia-southeast2-a"
                }
            }
        }
    },
    "timestamp": "2025-05-18T04:22:00Z",
    "applyable": true,
    "complete": true,
    "errored": false
}