{
    "format_version": "1.2",
    "terraform_version": "1.11.3",
    "planned_values": {
        "root_module": {
            "resources": [
                {
                    "address": "google_secure_source_manager_instance.c",
                    "mode": "managed",
                    "type": "google_secure_source_manager_instance",
                    "name": "c",
                    "provider_name": "registry.terraform.io/hashicorp/google",
                    "schema_version": 0,
                    "values": {
                        "effective_labels": {
                            "goog-terraform-provisioned": "true"
                        },
                        "instance_id": "test_workforce_identity_federation-c",
                        "kms_key": null,
                        "labels": null,
                        "location": "australia-southeast2-a",
                        "private_config": [],
                        "project": "voltaic-pilot-419406",
                        "terraform_labels": {
                            "goog-terraform-provisioned": "true"
                        },
                        "timeouts": null,
                        "workforce_identity_federation_config": [
                            {
                                "enabled": true
                            }
                        ]
                    },
                    "sensitive_values": {
                        "effective_labels": {},
                        "host_config": [],
                        "private_config": [],
                        "terraform_labels": {},
                        "workforce_identity_federation_config": [
                            {}
                        ]
                    }
                },
                {
                    "address": "google_secure_source_manager_instance.nc",
                    "mode": "managed",
                    "type": "google_secure_source_manager_instance",
                    "name": "nc",
                    "provider_name": "registry.terraform.io/hashicorp/google",
                    "schema_version": 0,
                    "values": {
                        "effective_labels": {
                            "goog-terraform-provisioned": "true"
                        },
                        "instance_id": "test_workforce_identity_federation-nc",
                        "kms_key": null,
                        "labels": null,
                        "location": "australia-southeast2-a",
                        "private_config": [],
                        "project": "voltaic-pilot-419406",
                        "terraform_labels": {
                            "goog-terraform-provisioned": "true"
                        },
                        "timeouts": null,
                        "workforce_identity_federation_config": [
                            {
                                "enabled": false
                            }
                        ]
                    },
                    "sensitive_values": {
                        "effective_labels": {},
                        "host_config": [],
                        "private_config": [],
                        "terraform_labels": {},
                        "workforce_identity_federation_config": [
                            {}
                        ]
                    }
                }
            ]
        }
    },
    "resource_changes": [
        {
            "address": "google_secure_source_manager_instance.c",
            "mode": "managed",
            "type": "google_secure_source_manager_instance",
            "name": "c",
            "provider_name": "registry.terraform.io/hashicorp/google",
            "change": {
                "actions": [
                    "create"
                ],
                "before": null,
                "after": {
                    "effective_labels": {
                        "goog-terraform-provisioned": "true"
                    },
                    "instance_id": "test_workforce_identity_federation-c",
                    "kms_key": null,
                    "labels": null,
                    "location": "australia-southeast2-a",
                    "private_config": [],
                    "project": "voltaic-pilot-419406",
                    "terraform_labels": {
                        "goog-terraform-provisioned": "true"
                    },
                    "timeouts": null,
                    "workforce_identity_federation_config": [
                        {
                            "enabled": true
                        }
                    ]
                },
                "after_unknown": {
                    "create_time": true,
                    "effective_labels": {},
                    "host_config": true,
                    "id": true,
                    "name": true,
                    "private_config": [],
                    "state": true,
                    "state_note": true,
                    "terraform_labels": {},
                    "update_time": true,
                    "workforce_identity_federation_config": [
                        {}
                    ]
                },
                "before_sensitive": false,
                "after_sensitive": {
                    "effective_labels": {},
                    "host_config": [],
                    "private_config": [],
                    "terraform_labels": {},
                    "workforce_identity_federation_config": [
                        {}
                    ]
                }
            }
        },
        {
            "address": "google_secure_source_manager_instance.nc",
            "mode": "managed",
            "type": "google_secure_source_manager_instance",
            "name": "nc",
            "provider_name": "registry.terraform.io/hashicorp/google",
            "change": {
                "actions": [
                    "create"
                ],
                "before": null,
                "after": {
                    "effective_labels": {
                        "goog-terraform-provisioned": "true"
                    },
                    "instance_id": "test_workforce_identity_federation-nc",
                    "kms_key": null,
                    "labels": null,
                    "location": "australia-southeast2-a",
                    "private_config": [],
                    "project": "voltaic-pilot-419406",
                    "terraform_labels": {
                        "goog-terraform-provisioned": "true"
                    },
                    "timeouts": null,
                    "workforce_identity_federation_config": [
                        {
                            "enabled": false
                        }
                    ]
                },
                "after_unknown": {
                    "create_time": true,
                    "effective_labels": {},
                    "host_config": true,
                    "id": true,
                    "name": true,
                    "private_config": [],
                    "state": true,
                    "state_note": true,
                    "terraform_labels": {},
                    "update_time": true,
                    "workforce_identity_federation_config": [
                        {}
                    ]
                },
                "before_sensitive": false,
                "after_sensitive": {
                    "effective_labels": {},
                    "host_config": [],
                    "private_config": [],
                    "terraform_labels": {},
                    "workforce_identity_federation_config": [
                        {}
                    ]
                }
            }
        }
    ],
    "configuration": {
        "provider_config": {
            "google": {
                "name": "google",
                "full_name": "registry.terraform.io/hashicorp/google",
                "version_constraint": "6.29.0"
            }
        },
        "root_module": {
            "resources": [
                {
                    "address": "google_secure_source_manager_instance.c",
                    "mode": "managed",
                    "type": "google_secure_source_manager_instance",
                    "name": "c",
                    "provider_config_key": "google",
                    "expressions": {
                        "instance_id": {
                            "constant_value": "test_workforce_identity_federation-c"
                        },
                        "location": {
                            "constant_value": "australia-southeast2-a"
                        },
                        "project": {
                            "constant_value": "voltaic-pilot-419406"
                        },
                        "workforce_identity_federation_config": [
                            {
                                "enabled": {
                                    "constant_value": true
                                }
                            }
                        ]
                    },
                    "schema_version": 0
                },
                {
                    "address": "google_secure_source_manager_instance.nc",
                    "mode": "managed",
                    "type": "google_secure_source_manager_instance",
                    "name": "nc",
                    "provider_config_key": "google",
                    "expressions": {
                        "instance_id": {
                            "constant_value": "test_workforce_identity_federation-nc"
                        },
                        "location": {
                            "constant_value": "australia-southeast2-a"
                        },
                        "project": {
                            "constant_value": "voltaic-pilot-419406"
                        },
                        "workforce_identity_federation_config": [
                            {
                                "enabled": {
                                    "constant_value": false
                                }
                            }
                        ]
                    },
                    "schema_version": 0
                }
            ]
        }
    },
    "timestamp": "2025-04-18T08:36:19Z",
    "applyable": true,
    "complete": true,
    "errored": false
}