{
    "format_version": "1.2",
    "terraform_version": "1.11.3",
    "planned_values": {
        "root_module": {
            "resources": [
                {
                    "address": "google_secure_source_manager_repository.c",
                    "mode": "managed",
                    "type": "google_secure_source_manager_repository",
                    "name": "c",
                    "provider_name": "registry.terraform.io/hashicorp/google",
                    "schema_version": 0,
                    "values": {
                        "description": "This is a test repository",
                        "initial_config": [
                            {
                                "default_branch": "main",
                                "gitignores": [
                                    "Bazel",
                                    "Cloud9"
                                ],
                                "license": "mit",
                                "readme": "default"
                            }
                        ],
                        "instance": "test-repo-git-ignore-c",
                        "location": "australia-southeast2-a",
                        "project": "policy-depolyment",
                        "repository_id": "my-repository-c",
                        "timeouts": null
                    },
                    "sensitive_values": {
                        "initial_config": [
                            {
                                "gitignores": [
                                    false,
                                    false
                                ]
                            }
                        ],
                        "uris": []
                    }
                },
                {
                    "address": "google_secure_source_manager_repository.nc",
                    "mode": "managed",
                    "type": "google_secure_source_manager_repository",
                    "name": "nc",
                    "provider_name": "registry.terraform.io/hashicorp/google",
                    "schema_version": 0,
                    "values": {
                        "description": "This is a test repository",
                        "initial_config": [],
                        "instance": "test-repo-git-ignore-nc",
                        "location": "australia-southeast2-a",
                        "project": "policy-depolyment",
                        "repository_id": "my-repository-nc",
                        "timeouts": null
                    },
                    "sensitive_values": {
                        "initial_config": [],
                        "uris": []
                    }
                }
            ]
        }
    },
    "resource_changes": [
        {
            "address": "google_secure_source_manager_repository.c",
            "mode": "managed",
            "type": "google_secure_source_manager_repository",
            "name": "c",
            "provider_name": "registry.terraform.io/hashicorp/google",
            "change": {
                "actions": [
                    "create"
                ],
                "before": null,
                "after": {
                    "description": "This is a test repository",
                    "initial_config": [
                        {
                            "default_branch": "main",
                            "gitignores": [
                                "Bazel",
                                "Cloud9"
                            ],
                            "license": "mit",
                            "readme": "default"
                        }
                    ],
                    "instance": "test-repo-git-ignore-c",
                    "location": "australia-southeast2-a",
                    "project": "policy-depolyment",
                    "repository_id": "my-repository-c",
                    "timeouts": null
                },
                "after_unknown": {
                    "create_time": true,
                    "id": true,
                    "initial_config": [
                        {
                            "gitignores": [
                                false,
                                false
                            ]
                        }
                    ],
                    "name": true,
                    "uid": true,
                    "update_time": true,
                    "uris": true
                },
                "before_sensitive": false,
                "after_sensitive": {
                    "initial_config": [
                        {
                            "gitignores": [
                                false,
                                false
                            ]
                        }
                    ],
                    "uris": []
                }
            }
        },
        {
            "address": "google_secure_source_manager_repository.nc",
            "mode": "managed",
            "type": "google_secure_source_manager_repository",
            "name": "nc",
            "provider_name": "registry.terraform.io/hashicorp/google",
            "change": {
                "actions": [
                    "create"
                ],
                "before": null,
                "after": {
                    "description": "This is a test repository",
                    "initial_config": [],
                    "instance": "test-repo-git-ignore-nc",
                    "location": "australia-southeast2-a",
                    "project": "policy-depolyment",
                    "repository_id": "my-repository-nc",
                    "timeouts": null
                },
                "after_unknown": {
                    "create_time": true,
                    "id": true,
                    "initial_config": [],
                    "name": true,
                    "uid": true,
                    "update_time": true,
                    "uris": true
                },
                "before_sensitive": false,
                "after_sensitive": {
                    "initial_config": [],
                    "uris": []
                }
            }
        }
    ],
    "configuration": {
        "provider_config": {
            "google": {
                "name": "google",
                "full_name": "registry.terraform.io/hashicorp/google"
            }
        },
        "root_module": {
            "resources": [
                {
                    "address": "google_secure_source_manager_repository.c",
                    "mode": "managed",
                    "type": "google_secure_source_manager_repository",
                    "name": "c",
                    "provider_config_key": "google",
                    "expressions": {
                        "description": {
                            "constant_value": "This is a test repository"
                        },
                        "initial_config": [
                            {
                                "default_branch": {
                                    "constant_value": "main"
                                },
                                "gitignores": {
                                    "constant_value": [
                                        "Bazel",
                                        "Cloud9"
                                    ]
                                },
                                "license": {
                                    "constant_value": "mit"
                                },
                                "readme": {
                                    "constant_value": "default"
                                }
                            }
                        ],
                        "instance": {
                            "constant_value": "test-repo-git-ignore-c"
                        },
                        "location": {
                            "constant_value": "australia-southeast2-a"
                        },
                        "project": {
                            "constant_value": "policy-depolyment"
                        },
                        "repository_id": {
                            "constant_value": "my-repository-c"
                        }
                    },
                    "schema_version": 0
                },
                {
                    "address": "google_secure_source_manager_repository.nc",
                    "mode": "managed",
                    "type": "google_secure_source_manager_repository",
                    "name": "nc",
                    "provider_config_key": "google",
                    "expressions": {
                        "description": {
                            "constant_value": "This is a test repository"
                        },
                        "instance": {
                            "constant_value": "test-repo-git-ignore-nc"
                        },
                        "location": {
                            "constant_value": "australia-southeast2-a"
                        },
                        "project": {
                            "constant_value": "policy-depolyment"
                        },
                        "repository_id": {
                            "constant_value": "my-repository-nc"
                        }
                    },
                    "schema_version": 0
                }
            ]
        }
    },
    "timestamp": "2025-05-09T08:42:46Z",
    "applyable": true,
    "complete": true,
    "errored": false
}